// !$*UTF8*$!
{
	archiveVersion = 1;
	classes = {
	};
	objectVersion = 46;
	objects = {

/* Begin PBXBuildFile section */
		55C1001D1CF5899700F870AD /* SecondViewController.m in Sources */ = {isa = PBXBuildFile; fileRef = 55C1001C1CF5899700F870AD /* SecondViewController.m */; };
		55C100201CF58B6600F870AD /* av_call.png in Resources */ = {isa = PBXBuildFile; fileRef = 55C1001E1CF58B6600F870AD /* av_call.png */; };
		55C100211CF58B6600F870AD /* av_call@3x.png in Resources */ = {isa = PBXBuildFile; fileRef = 55C1001F1CF58B6600F870AD /* av_call@3x.png */; };
		55C1FFA31CF5840F00F870AD /* main.m in Sources */ = {isa = PBXBuildFile; fileRef = 55C1FFA21CF5840F00F870AD /* main.m */; };
		55C1FFA61CF5840F00F870AD /* AppDelegate.m in Sources */ = {isa = PBXBuildFile; fileRef = 55C1FFA51CF5840F00F870AD /* AppDelegate.m */; };
		55C1FFA91CF5840F00F870AD /* ViewController.m in Sources */ = {isa = PBXBuildFile; fileRef = 55C1FFA81CF5840F00F870AD /* ViewController.m */; };
		55C1FFAC1CF5840F00F870AD /* Main.storyboard in Resources */ = {isa = PBXBuildFile; fileRef = 55C1FFAA1CF5840F00F870AD /* Main.storyboard */; };
		55C1FFAE1CF5840F00F870AD /* Assets.xcassets in Resources */ = {isa = PBXBuildFile; fileRef = 55C1FFAD1CF5840F00F870AD /* Assets.xcassets */; };
		55C1FFB11CF5840F00F870AD /* LaunchScreen.storyboard in Resources */ = {isa = PBXBuildFile; fileRef = 55C1FFAF1CF5840F00F870AD /* LaunchScreen.storyboard */; };
		55C1FFBC1CF5840F00F870AD /* FloatingWindwoAminationTests.m in Sources */ = {isa = PBXBuildFile; fileRef = 55C1FFBB1CF5840F00F870AD /* FloatingWindwoAminationTests.m */; };
		55C1FFC71CF5840F00F870AD /* FloatingWindwoAminationUITests.m in Sources */ = {isa = PBXBuildFile; fileRef = 55C1FFC61CF5840F00F870AD /* FloatingWindwoAminationUITests.m */; };
		55C1FFD61CF5874F00F870AD /* FloatingWindow.m in Sources */ = {isa = PBXBuildFile; fileRef = 55C1FFD51CF5874F00F870AD /* FloatingWindow.m */; };
/* End PBXBuildFile section */

/* Begin PBXContainerItemProxy section */
		55C1FFB81CF5840F00F870AD /* PBXContainerItemProxy */ = {
			isa = PBXContainerItemProxy;
			containerPortal = 55C1FF961CF5840F00F870AD /* Project object */;
			proxyType = 1;
			remoteGlobalIDString = 55C1FF9D1CF5840F00F870AD;
			remoteInfo = FloatingWindwoAmination;
		};
		55C1FFC31CF5840F00F870AD /* PBXContainerItemProxy */ = {
			isa = PBXContainerItemProxy;
			containerPortal = 55C1FF961CF5840F00F870AD /* Project object */;
			proxyType = 1;
			remoteGlobalIDString = 55C1FF9D1CF5840F00F870AD;
			remoteInfo = FloatingWindwoAmination;
		};
/* End PBXContainerItemProxy section */

/* Begin PBXFileReference section */
		55C1001B1CF5899700F870AD /* SecondViewController.h */ = {isa = PBXFileReference; fileEncoding = 4; lastKnownFileType = sourcecode.c.h; path = SecondViewController.h; sourceTree = "<group>"; };
		55C1001C1CF5899700F870AD /* SecondViewController.m */ = {isa = PBXFileReference; fileEncoding = 4; lastKnownFileType = sourcecode.c.objc; path = SecondViewController.m; sourceTree = "<group>"; };
		55C1001E1CF58B6600F870AD /* av_call.png */ = {isa = PBXFileReference; lastKnownFileType = image.png; path = av_call.png; sourceTree = "<group>"; };
		55C1001F1CF58B6600F870AD /* av_call@3x.png */ = {isa = PBXFileReference; lastKnownFileType = image.png; path = "av_call@3x.png"; sourceTree = "<group>"; };
		55C1FF9E1CF5840F00F870AD /* FloatingWindwoAmination.app */ = {isa = PBXFileReference; explicitFileType = wrapper.application; includeInIndex = 0; path = FloatingWindwoAmination.app; sourceTree = BUILT_PRODUCTS_DIR; };
		55C1FFA21CF5840F00F870AD /* main.m */ = {isa = PBXFileReference; lastKnownFileType = sourcecode.c.objc; path = main.m; sourceTree = "<group>"; };
		55C1FFA41CF5840F00F870AD /* AppDelegate.h */ = {isa = PBXFileReference; lastKnownFileType = sourcecode.c.h; path = AppDelegate.h; sourceTree = "<group>"; };
		55C1FFA51CF5840F00F870AD /* AppDelegate.m */ = {isa = PBXFileReference; lastKnownFileType = sourcecode.c.objc; path = AppDelegate.m; sourceTree = "<group>"; };
		55C1FFA71CF5840F00F870AD /* ViewController.h */ = {isa = PBXFileReference; lastKnownFileType = sourcecode.c.h; path = ViewController.h; sourceTree = "<group>"; };
		55C1FFA81CF5840F00F870AD /* ViewController.m */ = {isa = PBXFileReference; lastKnownFileType = sourcecode.c.objc; path = ViewController.m; sourceTree = "<group>"; };
		55C1FFAB1CF5840F00F870AD /* Base */ = {isa = PBXFileReference; lastKnownFileType = file.storyboard; name = Base; path = Base.lproj/Main.storyboard; sourceTree = "<group>"; };
		55C1FFAD1CF5840F00F870AD /* Assets.xcassets */ = {isa = PBXFileReference; lastKnownFileType = folder.assetcatalog; path = Assets.xcassets; sourceTree = "<group>"; };
		55C1FFB01CF5840F00F870AD /* Base */ = {isa = PBXFileReference; lastKnownFileType = file.storyboard; name = Base; path = Base.lproj/LaunchScreen.storyboard; sourceTree = "<group>"; };
		55C1FFB21CF5840F00F870AD /* Info.plist */ = {isa = PBXFileReference; lastKnownFileType = text.plist.xml; path = Info.plist; sourceTree = "<group>"; };
		55C1FFB71CF5840F00F870AD /* FloatingWindwoAminationTests.xctest */ = {isa = PBXFileReference; explicitFileType = wrapper.cfbundle; includeInIndex = 0; path = FloatingWindwoAminationTests.xctest; sourceTree = BUILT_PRODUCTS_DIR; };
		55C1FFBB1CF5840F00F870AD /* FloatingWindwoAminationTests.m */ = {isa = PBXFileReference; lastKnownFileType = sourcecode.c.objc; path = FloatingWindwoAminationTests.m; sourceTree = "<group>"; };
		55C1FFBD1CF5840F00F870AD /* Info.plist */ = {isa = PBXFileReference; lastKnownFileType = text.plist.xml; path = Info.plist; sourceTree = "<group>"; };
		55C1FFC21CF5840F00F870AD /* FloatingWindwoAminationUITests.xctest */ = {isa = PBXFileReference; explicitFileType = wrapper.cfbundle; includeInIndex = 0; path = FloatingWindwoAminationUITests.xctest; sourceTree = BUILT_PRODUCTS_DIR; };
		55C1FFC61CF5840F00F870AD /* FloatingWindwoAminationUITests.m */ = {isa = PBXFileReference; lastKnownFileType = sourcecode.c.objc; path = FloatingWindwoAminationUITests.m; sourceTree = "<group>"; };
		55C1FFC81CF5840F00F870AD /* Info.plist */ = {isa = PBXFileReference; lastKnownFileType = text.plist.xml; path = Info.plist; sourceTree = "<group>"; };
		55C1FFD41CF5874F00F870AD /* FloatingWindow.h */ = {isa = PBXFileReference; fileEncoding = 4; lastKnownFileType = sourcecode.c.h; path = FloatingWindow.h; sourceTree = "<group>"; };
		55C1FFD51CF5874F00F870AD /* FloatingWindow.m */ = {isa = PBXFileReference; fileEncoding = 4; lastKnownFileType = sourcecode.c.objc; path = FloatingWindow.m; sourceTree = "<group>"; };
/* End PBXFileReference section */

/* Begin PBXFrameworksBuildPhase section */
		55C1FF9B1CF5840F00F870AD /* Frameworks */ = {
			isa = PBXFrameworksBuildPhase;
			buildActionMask = 2147483647;
			files = (
			);
			runOnlyForDeploymentPostprocessing = 0;
		};
		55C1FFB41CF5840F00F870AD /* Frameworks */ = {
			isa = PBXFrameworksBuildPhase;
			buildActionMask = 2147483647;
			files = (
			);
			runOnlyForDeploymentPostprocessing = 0;
		};
		55C1FFBF1CF5840F00F870AD /* Frameworks */ = {
			isa = PBXFrameworksBuildPhase;
			buildActionMask = 2147483647;
			files = (
			);
			runOnlyForDeploymentPostprocessing = 0;
		};
/* End PBXFrameworksBuildPhase section */

/* Begin PBXGroup section */
		55C1FF951CF5840F00F870AD = {
			isa = PBXGroup;
			children = (
				55C1FFA01CF5840F00F870AD /* FloatingWindwoAmination */,
				55C1FFBA1CF5840F00F870AD /* FloatingWindwoAminationTests */,
				55C1FFC51CF5840F00F870AD /* FloatingWindwoAminationUITests */,
				55C1FF9F1CF5840F00F870AD /* Products */,
			);
			sourceTree = "<group>";
		};
		55C1FF9F1CF5840F00F870AD /* Products */ = {
			isa = PBXGroup;
			children = (
				55C1FF9E1CF5840F00F870AD /* FloatingWindwoAmination.app */,
				55C1FFB71CF5840F00F870AD /* FloatingWindwoAminationTests.xctest */,
				55C1FFC21CF5840F00F870AD /* FloatingWindwoAminationUITests.xctest */,
			);
			name = Products;
			sourceTree = "<group>";
		};
		55C1FFA01CF5840F00F870AD /* FloatingWindwoAmination */ = {
			isa = PBXGroup;
			children = (
				55C1FFA41CF5840F00F870AD /* AppDelegate.h */,
				55C1FFA51CF5840F00F870AD /* AppDelegate.m */,
				55C1FFA71CF5840F00F870AD /* ViewController.h */,
				55C1FFA81CF5840F00F870AD /* ViewController.m */,
				55C1FFAA1CF5840F00F870AD /* Main.storyboard */,
				55C1FFAD1CF5840F00F870AD /* Assets.xcassets */,
				55C1FFAF1CF5840F00F870AD /* LaunchScreen.storyboard */,
				55C1FFB21CF5840F00F870AD /* Info.plist */,
				55C1FFA11CF5840F00F870AD /* Supporting Files */,
				55C1FFD41CF5874F00F870AD /* FloatingWindow.h */,
				55C1FFD51CF5874F00F870AD /* FloatingWindow.m */,
				55C1001B1CF5899700F870AD /* SecondViewController.h */,
				55C1001C1CF5899700F870AD /* SecondViewController.m */,
			);
			path = FloatingWindwoAmination;
			sourceTree = "<group>";
		};
		55C1FFA11CF5840F00F870AD /* Supporting Files */ = {
			isa = PBXGroup;
			children = (
				55C1001E1CF58B6600F870AD /* av_call.png */,
				55C1001F1CF58B6600F870AD /* av_call@3x.png */,
				55C1FFA21CF5840F00F870AD /* main.m */,
			);
			name = "Supporting Files";
			sourceTree = "<group>";
		};
		55C1FFBA1CF5840F00F870AD /* FloatingWindwoAminationTests */ = {
			isa = PBXGroup;
			children = (
				55C1FFBB1CF5840F00F870AD /* FloatingWindwoAminationTests.m */,
				55C1FFBD1CF5840F00F870AD /* Info.plist */,
			);
			path = FloatingWindwoAminationTests;
			sourceTree = "<group>";
		};
		55C1FFC51CF5840F00F870AD /* FloatingWindwoAminationUITests */ = {
			isa = PBXGroup;
			children = (
				55C1FFC61CF5840F00F870AD /* FloatingWindwoAminationUITests.m */,
				55C1FFC81CF5840F00F870AD /* Info.plist */,
			);
			path = FloatingWindwoAminationUITests;
			sourceTree = "<group>";
		};
/* End PBXGroup section */

/* Begin PBXNativeTarget section */
		55C1FF9D1CF5840F00F870AD /* FloatingWindwoAmination */ = {
			isa = PBXNativeTarget;
			buildConfigurationList = 55C1FFCB1CF5840F00F870AD /* Build configuration list for PBXNativeTarget "FloatingWindwoAmination" */;
			buildPhases = (
				55C1FF9A1CF5840F00F870AD /* Sources */,
				55C1FF9B1CF5840F00F870AD /* Frameworks */,
				55C1FF9C1CF5840F00F870AD /* Resources */,
			);
			buildRules = (
			);
			dependencies = (
			);
			name = FloatingWindwoAmination;
			productName = FloatingWindwoAmination;
			productReference = 55C1FF9E1CF5840F00F870AD /* FloatingWindwoAmination.app */;
			productType = "com.apple.product-type.application";
		};
		55C1FFB61CF5840F00F870AD /* FloatingWindwoAminationTests */ = {
			isa = PBXNativeTarget;
			buildConfigurationList = 55C1FFCE1CF5840F00F870AD /* Build configuration list for PBXNativeTarget "FloatingWindwoAminationTests" */;
			buildPhases = (
				55C1FFB31CF5840F00F870AD /* Sources */,
				55C1FFB41CF5840F00F870AD /* Frameworks */,
				55C1FFB51CF5840F00F870AD /* Resources */,
			);
			buildRules = (
			);
			dependencies = (
				55C1FFB91CF5840F00F870AD /* PBXTargetDependency */,
			);
			name = FloatingWindwoAminationTests;
			productName = FloatingWindwoAminationTests;
			productReference = 55C1FFB71CF5840F00F870AD /* FloatingWindwoAminationTests.xctest */;
			productType = "com.apple.product-type.bundle.unit-test";
		};
		55C1FFC11CF5840F00F870AD /* FloatingWindwoAminationUITests */ = {
			isa = PBXNativeTarget;
			buildConfigurationList = 55C1FFD11CF5840F00F870AD /* Build configuration list for PBXNativeTarget "FloatingWindwoAminationUITests" */;
			buildPhases = (
				55C1FFBE1CF5840F00F870AD /* Sources */,
				55C1FFBF1CF5840F00F870AD /* Frameworks */,
				55C1FFC01CF5840F00F870AD /* Resources */,
			);
			buildRules = (
			);
			dependencies = (
				55C1FFC41CF5840F00F870AD /* PBXTargetDependency */,
			);
			name = FloatingWindwoAminationUITests;
			productName = FloatingWindwoAminationUITests;
			productReference = 55C1FFC21CF5840F00F870AD /* FloatingWindwoAminationUITests.xctest */;
			productType = "com.apple.product-type.bundle.ui-testing";
		};
/* End PBXNativeTarget section */

/* Begin PBXProject section */
		55C1FF961CF5840F00F870AD /* Project object */ = {
			isa = PBXProject;
			attributes = {
				LastUpgradeCheck = 0730;
				ORGANIZATIONNAME = huangzengquan;
				TargetAttributes = {
					55C1FF9D1CF5840F00F870AD = {
						CreatedOnToolsVersion = 7.3.1;
					};
					55C1FFB61CF5840F00F870AD = {
						CreatedOnToolsVersion = 7.3.1;
						TestTargetID = 55C1FF9D1CF5840F00F870AD;
					};
					55C1FFC11CF5840F00F870AD = {
						CreatedOnToolsVersion = 7.3.1;
						TestTargetID = 55C1FF9D1CF5840F00F870AD;
					};
				};
			};
			buildConfigurationList = 55C1FF991CF5840F00F870AD /* Build configuration list for PBXProject "FloatingWindwoAmination" */;
			compatibilityVersion = "Xcode 3.2";
			developmentRegion = English;
			hasScannedForEncodings = 0;
			knownRegions = (
				en,
				Base,
			);
			mainGroup = 55C1FF951CF5840F00F870AD;
			productRefGroup = 55C1FF9F1CF5840F00F870AD /* Products */;
			projectDirPath = "";
			projectRoot = "";
			targets = (
				55C1FF9D1CF5840F00F870AD /* FloatingWindwoAmination */,
				55C1FFB61CF5840F00F870AD /* FloatingWindwoAminationTests */,
				55C1FFC11CF5840F00F870AD /* FloatingWindwoAminationUITests */,
			);
		};
/* End PBXProject section */

/* Begin PBXResourcesBuildPhase section */
		55C1FF9C1CF5840F00F870AD /* Resources */ = {
			isa = PBXResourcesBuildPhase;
			buildActionMask = 2147483647;
			files = (
				55C100201CF58B6600F870AD /* av_call.png in Resources */,
				55C1FFB11CF5840F00F870AD /* LaunchScreen.storyboard in Resources */,
				55C100211CF58B6600F870AD /* av_call@3x.png in Resources */,
				55C1FFAE1CF5840F00F870AD /* Assets.xcassets in Resources */,
				55C1FFAC1CF5840F00F870AD /* Main.storyboard in Resources */,
			);
			runOnlyForDeploymentPostprocessing = 0;
		};
		55C1FFB51CF5840F00F870AD /* Resources */ = {
			isa = PBXResourcesBuildPhase;
			buildActionMask = 2147483647;
			files = (
			);
			runOnlyForDeploymentPostprocessing = 0;
		};
		55C1FFC01CF5840F00F870AD /* Resources */ = {
			isa = PBXResourcesBuildPhase;
			buildActionMask = 2147483647;
			files = (
			);
			runOnlyForDeploymentPostprocessing = 0;
		};
/* End PBXResourcesBuildPhase section */

/* Begin PBXSourcesBuildPhase section */
		55C1FF9A1CF5840F00F870AD /* Sources */ = {
			isa = PBXSourcesBuildPhase;
			buildActionMask = 2147483647;
			files = (
				55C1001D1CF5899700F870AD /* SecondViewController.m in Sources */,
				55C1FFA91CF5840F00F870AD /* ViewController.m in Sources */,
				55C1FFA61CF5840F00F870AD /* AppDelegate.m in Sources */,
				55C1FFA31CF5840F00F870AD /* main.m in Sources */,
				55C1FFD61CF5874F00F870AD /* FloatingWindow.m in Sources */,
			);
			runOnlyForDeploymentPostprocessing = 0;
		};
		55C1FFB31CF5840F00F870AD /* Sources */ = {
			isa = PBXSourcesBuildPhase;
			buildActionMask = 2147483647;
			files = (
				55C1FFBC1CF5840F00F870AD /* FloatingWindwoAminationTests.m in Sources */,
			);
			runOnlyForDeploymentPostprocessing = 0;
		};
		55C1FFBE1CF5840F00F870AD /* Sources */ = {
			isa = PBXSourcesBuildPhase;
			buildActionMask = 2147483647;
			files = (
				55C1FFC71CF5840F00F870AD /* FloatingWindwoAminationUITests.m in Sources */,
			);
			runOnlyForDeploymentPostprocessing = 0;
		};
/* End PBXSourcesBuildPhase section */

/* Begin PBXTargetDependency section */
		55C1FFB91CF5840F00F870AD /* PBXTargetDependency */ = {
			isa = PBXTargetDependency;
			target = 55C1FF9D1CF5840F00F870AD /* FloatingWindwoAmination */;
			targetProxy = 55C1FFB81CF5840F00F870AD /* PBXContainerItemProxy */;
		};
		55C1FFC41CF5840F00F870AD /* PBXTargetDependency */ = {
			isa = PBXTargetDependency;
			target = 55C1FF9D1CF5840F00F870AD /* FloatingWindwoAmination */;
			targetProxy = 55C1FFC31CF5840F00F870AD /* PBXContainerItemProxy */;
		};
/* End PBXTargetDependency section */

/* Begin PBXVariantGroup section */
		55C1FFAA1CF5840F00F870AD /* Main.storyboard */ = {
			isa = PBXVariantGroup;
			children = (
				55C1FFAB1CF5840F00F870AD /* Base */,
			);
			name = Main.storyboard;
			sourceTree = "<group>";
		};
		55C1FFAF1CF5840F00F870AD /* LaunchScreen.storyboard */ = {
			isa = PBXVariantGroup;
			children = (
				55C1FFB01CF5840F00F870AD /* Base */,
			);
			name = LaunchScreen.storyboard;
			sourceTree = "<group>";
		};
/* End PBXVariantGroup section */

/* Begin XCBuildConfiguration section */
		55C1FFC91CF5840F00F870AD /* Debug */ = {
			isa = XCBuildConfiguration;
			buildSettings = {
				ALWAYS_SEARCH_USER_PATHS = NO;
				CLANG_ANALYZER_NONNULL = YES;
				CLANG_CXX_LANGUAGE_STANDARD = "gnu++0x";
				CLANG_CXX_LIBRARY = "libc++";
				CLANG_ENABLE_MODULES = YES;
				CLANG_ENABLE_OBJC_ARC = YES;
				CLANG_WARN_BOOL_CONVERSION = YES;
				CLANG_WARN_CONSTANT_CONVERSION = YES;
				CLANG_WARN_DIRECT_OBJC_ISA_USAGE = YES_ERROR;
				CLANG_WARN_EMPTY_BODY = YES;
				CLANG_WARN_ENUM_CONVERSION = YES;
				CLANG_WARN_INT_CONVERSION = YES;
				CLANG_WARN_OBJC_ROOT_CLASS = YES_ERROR;
				CLANG_WARN_UNREACHABLE_CODE = YES;
				CLANG_WARN__DUPLICATE_METHOD_MATCH = YES;
				"CODE_SIGN_IDENTITY[sdk=iphoneos*]" = "iPhone Developer";
				COPY_PHASE_STRIP = NO;
				DEBUG_INFORMATION_FORMAT = dwarf;
				ENABLE_STRICT_OBJC_MSGSEND = YES;
				ENABLE_TESTABILITY = YES;
				GCC_C_LANGUAGE_STANDARD = gnu99;
				GCC_DYNAMIC_NO_PIC = NO;
				GCC_NO_COMMON_BLOCKS = YES;
				GCC_OPTIMIZATION_LEVEL = 0;
				GCC_PREPROCESSOR_DEFINITIONS = (
					"DEBUG=1",
					"$(inherited)",
				);
				GCC_WARN_64_TO_32_BIT_CONVERSION = YES;
				GCC_WARN_ABOUT_RETURN_TYPE = YES_ERROR;
				GCC_WARN_UNDECLARED_SELECTOR = YES;
				GCC_WARN_UNINITIALIZED_AUTOS = YES_AGGRESSIVE;
				GCC_WARN_UNUSED_FUNCTION = YES;
				GCC_WARN_UNUSED_VARIABLE = YES;
				IPHONEOS_DEPLOYMENT_TARGET = 9.3;
				MTL_ENABLE_DEBUG_INFO = YES;
				ONLY_ACTIVE_ARCH = YES;
				SDKROOT = iphoneos;
				TARGETED_DEVICE_FAMILY = "1,2";
			};
			name = Debug;
		};
		55C1FFCA1CF5840F00F870AD /* Release */ = {
			isa = XCBuildConfiguration;
			buildSettings = {
				ALWAYS_SEARCH_USER_PATHS = NO;
				CLANG_ANALYZER_NONNULL = YES;
				CLANG_CXX_LANGUAGE_STANDARD = "gnu++0x";
				CLANG_CXX_LIBRARY = "libc++";
				CLANG_ENABLE_MODULES = YES;
				CLANG_ENABLE_OBJC_ARC = YES;
				CLANG_WARN_BOOL_CONVERSION = YES;
				CLANG_WARN_CONSTANT_CONVERSION = YES;
				CLANG_WARN_DIRECT_OBJC_ISA_USAGE = YES_ERROR;
				CLANG_WARN_EMPTY_BODY = YES;
				CLANG_WARN_ENUM_CONVERSION = YES;
				CLANG_WARN_INT_CONVERSION = YES;
				CLANG_WARN_OBJC_ROOT_CLASS = YES_ERROR;
				CLANG_WARN_UNREACHABLE_CODE = YES;
				CLANG_WARN__DUPLICATE_METHOD_MATCH = YES;
				"CODE_SIGN_IDENTITY[sdk=iphoneos*]" = "iPhone Developer";
				COPY_PHASE_STRIP = NO;
				DEBUG_INFORMATION_FORMAT = "dwarf-with-dsym";
				ENABLE_NS_ASSERTIONS = NO;
				ENABLE_STRICT_OBJC_MSGSEND = YES;
				GCC_C_LANGUAGE_STANDARD = gnu99;
				GCC_NO_COMMON_BLOCKS = YES;
				GCC_WARN_64_TO_32_BIT_CONVERSION = YES;
				GCC_WARN_ABOUT_RETURN_TYPE = YES_ERROR;
				GCC_WARN_UNDECLARED_SELECTOR = YES;
				GCC_WARN_UNINITIALIZED_AUTOS = YES_AGGRESSIVE;
				GCC_WARN_UNUSED_FUNCTION = YES;
				GCC_WARN_UNUSED_VARIABLE = YES;
				IPHONEOS_DEPLOYMENT_TARGET = 9.3;
				MTL_ENABLE_DEBUG_INFO = NO;
				SDKROOT = iphoneos;
				TARGETED_DEVICE_FAMILY = "1,2";
				VALIDATE_PRODUCT = YES;
			};
			name = Release;
		};
		55C1FFCC1CF5840F00F870AD /* Debug */ = {
			isa = XCBuildConfiguration;
			buildSettings = {
				ASSETCATALOG_COMPILER_APPICON_NAME = AppIcon;
				INFOPLIST_FILE = FloatingWindwoAmination/Info.plist;
				IPHONEOS_DEPLOYMENT_TARGET = 8.3;
				LD_RUNPATH_SEARCH_PATHS = "$(inherited) @executable_path/Frameworks";
				PRODUCT_BUNDLE_IDENTIFIER = fx.FloatingWindwoAmination;
				PRODUCT_NAME = "$(TARGET_NAME)";
			};
			name = Debug;
		};
		55C1FFCD1CF5840F00F870AD /* Release */ = {
			isa = XCBuildConfiguration;
			buildSettings = {
				ASSETCATALOG_COMPILER_APPICON_NAME = AppIcon;
				INFOPLIST_FILE = FloatingWindwoAmination/Info.plist;
				IPHONEOS_DEPLOYMENT_TARGET = 8.3;
				LD_RUNPATH_SEARCH_PATHS = "$(inherited) @executable_path/Frameworks";
				PRODUCT_BUNDLE_IDENTIFIER = fx.FloatingWindwoAmination;
				PRODUCT_NAME = "$(TARGET_NAME)";
			};
			name = Release;
		};
		55C1FFCF1CF5840F00F870AD /* Debug */ = {
			isa = XCBuildConfiguration;
			buildSettings = {
				BUNDLE_LOADER = "$(TEST_HOST)";
				INFOPLIST_FILE = FloatingWindwoAminationTests/Info.plist;
				LD_RUNPATH_SEARCH_PATHS = "$(inherited) @executable_path/Frameworks @loader_path/Frameworks";
				PRODUCT_BUNDLE_IDENTIFIER = fx.FloatingWindwoAminationTests;
				PRODUCT_NAME = "$(TARGET_NAME)";
				TEST_HOST = "$(BUILT_PRODUCTS_DIR)/FloatingWindwoAmination.app/FloatingWindwoAmination";
			};
			name = Debug;
		};
		55C1FFD01CF5840F00F870AD /* Release */ = {
			isa = XCBuildConfiguration;
			buildSettings = {
				BUNDLE_LOADER = "$(TEST_HOST)";
				INFOPLIST_FILE = FloatingWindwoAminationTests/Info.plist;
				LD_RUNPATH_SEARCH_PATHS = "$(inherited) @executable_path/Frameworks @loader_path/Frameworks";
				PRODUCT_BUNDLE_IDENTIFIER = fx.FloatingWindwoAminationTests;
				PRODUCT_NAME = "$(TARGET_NAME)";
				TEST_HOST = "$(BUILT_PRODUCTS_DIR)/FloatingWindwoAmination.app/FloatingWindwoAmination";
			};
			name = Release;
		};
		55C1FFD21CF5840F00F870AD /* Debug */ = {
			isa = XCBuildConfiguration;
			buildSettings = {
				INFOPLIST_FILE = FloatingWindwoAminationUITests/Info.plist;
				LD_RUNPATH_SEARCH_PATHS = "$(inherited) @executable_path/Frameworks @loader_path/Frameworks";
				PRODUCT_BUNDLE_IDENTIFIER = fx.FloatingWindwoAminationUITests;
				PRODUCT_NAME = "$(TARGET_NAME)";
				TEST_TARGET_NAME = FloatingWindwoAmination;
			};
			name = Debug;
		};
		55C1FFD31CF5840F00F870AD /* Release */ = {
			isa = XCBuildConfiguration;
			buildSettings = {
				INFOPLIST_FILE = FloatingWindwoAminationUITests/Info.plist;
				LD_RUNPATH_SEARCH_PATHS = "$(inherited) @executable_path/Frameworks @loader_path/Frameworks";
				PRODUCT_BUNDLE_IDENTIFIER = fx.FloatingWindwoAminationUITests;
				PRODUCT_NAME = "$(TARGET_NAME)";
				TEST_TARGET_NAME = FloatingWindwoAmination;
			};
			name = Release;
		};
/* End XCBuildConfiguration section */

/* Begin XCConfigurationList section */
		55C1FF991CF5840F00F870AD /* Build configuration list for PBXProject "FloatingWindwoAmination" */ = {
			isa = XCConfigurationList;
			buildConfigurations = (
				55C1FFC91CF5840F00F870AD /* Debug */,
				55C1FFCA1CF5840F00F870AD /* Release */,
			);
			defaultConfigurationIsVisible = 0;
			defaultConfigurationName = Release;
		};
		55C1FFCB1CF5840F00F870AD /* Build configuration list for PBXNativeTarget "FloatingWindwoAmination" */ = {
			isa = XCConfigurationList;
			buildConfigurations = (
				55C1FFCC1CF5840F00F870AD /* Debug */,
				55C1FFCD1CF5840F00F870AD /* Release */,
			);
			defaultConfigurationIsVisible = 0;
			defaultConfigurationName = Release;
		};
		55C1FFCE1CF5840F00F870AD /* Build configuration list for PBXNativeTarget "FloatingWindwoAminationTests" */ = {
			isa = XCConfigurationList;
			buildConfigurations = (
				55C1FFCF1CF5840F00F870AD /* Debug */,
				55C1FFD01CF5840F00F870AD /* Release */,
			);
			defaultConfigurationIsVisible = 0;
			defaultConfigurationName = Release;
		};
		55C1FFD11CF5840F00F870AD /* Build configuration list for PBXNativeTarget "FloatingWindwoAminationUITests" */ = {
			isa = XCConfigurationList;
			buildConfigurations = (
				55C1FFD21CF5840F00F870AD /* Debug */,
				55C1FFD31CF5840F00F870AD /* Release */,
			);
			defaultConfigurationIsVisible = 0;
			defaultConfigurationName = Release;
		};
/* End XCConfigurationList section */
	};
	rootObject = 55C1FF961CF5840F00F870AD /* Project object */;
}
